
Microsoft Visual Studio Solution File, Format Version 12.00
# Visual Studio Version 17
VisualStudioVersion = 17.8.34511.84
MinimumVisualStudioVersion = 10.0.40219.1
Project("{FAE04EC0-301F-11D3-BF4B-00C04F79EFBC}") = "Labb 3 – Anropa databasen", "Labb 3 – Anropa databasen.csproj", "{1562C6C3-C669-4D86-86E5-C43AF153800A}"
EndProject
Global
	GlobalSection(SolutionConfigurationPlatforms) = preSolution
		Debug|Any CPU = Debug|Any CPU
		Release|Any CPU = Release|Any CPU
	EndGlobalSection
	GlobalSection(ProjectConfigurationPlatforms) = postSolution
		{1562C6C3-C669-4D86-86E5-C43AF153800A}.Debug|Any CPU.ActiveCfg = Debug|Any CPU
		{1562C6C3-C669-4D86-86E5-C43AF153800A}.Debug|Any CPU.Build.0 = Debug|Any CPU
		{1562C6C3-C669-4D86-86E5-C43AF153800A}.Release|Any CPU.ActiveCfg = Release|Any CPU
		{1562C6C3-C669-4D86-86E5-C43AF153800A}.Release|Any CPU.Build.0 = Release|Any CPU
	EndGlobalSection
	GlobalSection(SolutionProperties) = preSolution
		HideSolutionNode = FALSE
	EndGlobalSection
	GlobalSection(ExtensibilityGlobals) = postSolution
		SolutionGuid = {7B6C267B-026D-484B-B22F-0582352A1717}
	EndGlobalSection
EndGlobal
